
Microsoft Visual Studio Solution File, Format Version 12.00
# Visual Studio Version 17
VisualStudioVersion = 17.9.34723.18
MinimumVisualStudioVersion = 10.0.40219.1
Project("{FAE04EC0-301F-11D3-BF4B-00C04F79EFBC}") = "Coffee Shop Midterm", "Coffee Shop Midterm.csproj", "{88B9C1E3-3501-4D51-B478-937A2558ED3C}"
EndProject
Global
	GlobalSection(SolutionConfigurationPlatforms) = preSolution
		Debug|Any CPU = Debug|Any CPU
		Release|Any CPU = Release|Any CPU
	EndGlobalSection
	GlobalSection(ProjectConfigurationPlatforms) = postSolution
		{88B9C1E3-3501-4D51-B478-937A2558ED3C}.Debug|Any CPU.ActiveCfg = Debug|Any CPU
		{88B9C1E3-3501-4D51-B478-937A2558ED3C}.Debug|Any CPU.Build.0 = Debug|Any CPU
		{88B9C1E3-3501-4D51-B478-937A2558ED3C}.Release|Any CPU.ActiveCfg = Release|Any CPU
		{88B9C1E3-3501-4D51-B478-937A2558ED3C}.Release|Any CPU.Build.0 = Release|Any CPU
	EndGlobalSection
	GlobalSection(SolutionProperties) = preSolution
		HideSolutionNode = FALSE
	EndGlobalSection
	GlobalSection(ExtensibilityGlobals) = postSolution
		SolutionGuid = {40E29D85-F774-431C-A4EA-4050516E3933}
	EndGlobalSection
EndGlobal
